{
    "_readme": [
        "This file locks the dependencies of your project to a known state",
        "Read more about it at https://getcomposer.org/doc/01-basic-usage.md#installing-dependencies",
        "This file is @generated automatically"
    ],
    "content-hash": "d508f4434238d65c0ad6fb8158dee457",
    "packages": [
        {
            "name": "ipip/db",
            "version": "v0.6",
            "source": {
                "type": "git",
                "url": "https://github.com/ipipdotnet/ipdb-php.git",
                "reference": "f87777301eb886c68dbafb15d6a888bb3003a330"
            },
            "dist": {
                "type": "zip",
                "url": "https://api.github.com/repos/ipipdotnet/ipdb-php/zipball/f87777301eb886c68dbafb15d6a888bb3003a330",
                "reference": "f87777301eb886c68dbafb15d6a888bb3003a330",
                "shasum": ""
            },
            "require": {
                "php": ">=5.4.0"
            },
            "type": "library",
            "autoload": {
                "psr-4": {
                    "ipip\\db\\": "src/ipip/db/"
                }
            },
            "notification-url": "https://packagist.org/downloads/",
            "license": [
                "Apache-2.0"
            ],
            "authors": [
                {
                    "name": "IPIP.net",
                    "email": "frk@ipip.net",
                    "homepage": "https://www.ipip.net"
                }
            ],
            "description": "IPIP.net officially supported IP database ipdb format parsing library",
            "homepage": "https://www.ipip.net",
            "keywords": [
                "IP",
                "geo",
                "geoip",
                "geolocation",
                "ipdb",
                "ipip.net"
            ],
            "time": "2018-08-30T03:32:59+00:00"
        }
    ],
    "packages-dev": [],
    "aliases": [],
    "minimum-stability": "stable",
    "stability-flags": [],
    "prefer-stable": false,
    "prefer-lowest": false,
    "platform": [],
    "platform-dev": []
}
